
Microsoft Visual Studio Solution File, Format Version 12.00
# Visual Studio Version 16
VisualStudioVersion = 16.0.33027.164
MinimumVisualStudioVersion = 10.0.40219.1
Project("{9A19103F-16F7-4668-BE54-9A1E7A4F7556}") = "SortSelect", "SortSelect\SortSelect.csproj", "{1257D0A8-87C2-4581-91F7-2DB07E25C76A}"
EndProject
Global
	GlobalSection(SolutionConfigurationPlatforms) = preSolution
		Debug|Any CPU = Debug|Any CPU
		Release|Any CPU = Release|Any CPU
	EndGlobalSection
	GlobalSection(ProjectConfigurationPlatforms) = postSolution
		{1257D0A8-87C2-4581-91F7-2DB07E25C76A}.Debug|Any CPU.ActiveCfg = Debug|Any CPU
		{1257D0A8-87C2-4581-91F7-2DB07E25C76A}.Debug|Any CPU.Build.0 = Debug|Any CPU
		{1257D0A8-87C2-4581-91F7-2DB07E25C76A}.Release|Any CPU.ActiveCfg = Release|Any CPU
		{1257D0A8-87C2-4581-91F7-2DB07E25C76A}.Release|Any CPU.Build.0 = Release|Any CPU
	EndGlobalSection
	GlobalSection(SolutionProperties) = preSolution
		HideSolutionNode = FALSE
	EndGlobalSection
	GlobalSection(ExtensibilityGlobals) = postSolution
		SolutionGuid = {53C750CF-ED1E-4B3C-B066-2CA9C08AEBE7}
	EndGlobalSection
EndGlobal
